PODS:
  - RefreshKit (0.0.1)
  - SwiftLint (0.22.0)

DEPENDENCIES:
  - RefreshKit (from `../`)
  - SwiftLint

EXTERNAL SOURCES:
  RefreshKit:
    :path: "../"

SPEC CHECKSUMS:
  RefreshKit: 0c4ce8453f7e341c3affe7e298c596908f61d229
  SwiftLint: 1134786caedd2caab0560d2f36b76414a5a56808

PODFILE CHECKSUM: 256f4856462251bcc58fd96996eadbccfbd7d470

COCOAPODS: 1.2.1.beta.1
